
Microsoft Visual Studio Solution File, Format Version 12.00
# Visual Studio Version 17
VisualStudioVersion = 17.13.35806.99 d17.13
MinimumVisualStudioVersion = 10.0.40219.1
Project("{8BC9CEB8-8B4A-11D0-8D11-00A0C91BC942}") = "practice06", "practice06\practice06.vcxproj", "{73897097-61E6-4418-B93C-116F49F06109}"
EndProject
Global
	GlobalSection(SolutionConfigurationPlatforms) = preSolution
		Debug|x64 = Debug|x64
		Debug|x86 = Debug|x86
		Release|x64 = Release|x64
		Release|x86 = Release|x86
	EndGlobalSection
	GlobalSection(ProjectConfigurationPlatforms) = postSolution
		{73897097-61E6-4418-B93C-116F49F06109}.Debug|x64.ActiveCfg = Debug|x64
		{73897097-61E6-4418-B93C-116F49F06109}.Debug|x64.Build.0 = Debug|x64
		{73897097-61E6-4418-B93C-116F49F06109}.Debug|x86.ActiveCfg = Debug|Win32
		{73897097-61E6-4418-B93C-116F49F06109}.Debug|x86.Build.0 = Debug|Win32
		{73897097-61E6-4418-B93C-116F49F06109}.Release|x64.ActiveCfg = Release|x64
		{73897097-61E6-4418-B93C-116F49F06109}.Release|x64.Build.0 = Release|x64
		{73897097-61E6-4418-B93C-116F49F06109}.Release|x86.ActiveCfg = Release|Win32
		{73897097-61E6-4418-B93C-116F49F06109}.Release|x86.Build.0 = Release|Win32
	EndGlobalSection
	GlobalSection(SolutionProperties) = preSolution
		HideSolutionNode = FALSE
	EndGlobalSection
	GlobalSection(ExtensibilityGlobals) = postSolution
		SolutionGuid = {13DA1600-978C-4BAF-8A9F-FBA42CB53A31}
	EndGlobalSection
EndGlobal
